
Microsoft Visual Studio Solution File, Format Version 12.00
# Visual Studio Version 16
VisualStudioVersion = 16.0.31005.135
MinimumVisualStudioVersion = 10.0.40219.1
Project("{9A19103F-16F7-4668-BE54-9A1E7A4F7556}") = "IntakerConsole", "IntakerConsole\IntakerConsole.csproj", "{23091A01-1725-4C81-976E-6E04834B804D}"
EndProject
Project("{9A19103F-16F7-4668-BE54-9A1E7A4F7556}") = "IntakerAWSLambda", "IntakerAWSLambda\IntakerAWSLambda.csproj", "{CD7E3676-D1D1-4767-BA77-13AEEE49B122}"
EndProject
Project("{FAE04EC0-301F-11D3-BF4B-00C04F79EFBC}") = "IntakerConsoleToDynamoDb", "IntakerConsoleToDynamoDb\IntakerConsoleToDynamoDb.csproj", "{493F1A5D-4DD6-45BF-9FE0-D62194F53DFD}"
EndProject
Project("{2150E333-8FDC-42A3-9474-1A3956D46DE8}") = "Solution Items", "Solution Items", "{85830697-34EA-4546-915D-1E27EEDE937F}"
	ProjectSection(SolutionItems) = preProject
		DynamoDb\file-table.json = DynamoDb\file-table.json
	EndProjectSection
EndProject
Project("{FAE04EC0-301F-11D3-BF4B-00C04F79EFBC}") = "Intaker.Repository.DynamoDb", "Intaker.Repository.DynamoDb\Intaker.Repository.DynamoDb.csproj", "{1698DDDE-66A0-4D71-ADB1-4B97B383F828}"
EndProject
Global
	GlobalSection(SolutionConfigurationPlatforms) = preSolution
		Debug|Any CPU = Debug|Any CPU
		Release|Any CPU = Release|Any CPU
	EndGlobalSection
	GlobalSection(ProjectConfigurationPlatforms) = postSolution
		{23091A01-1725-4C81-976E-6E04834B804D}.Debug|Any CPU.ActiveCfg = Debug|Any CPU
		{23091A01-1725-4C81-976E-6E04834B804D}.Debug|Any CPU.Build.0 = Debug|Any CPU
		{23091A01-1725-4C81-976E-6E04834B804D}.Release|Any CPU.ActiveCfg = Release|Any CPU
		{23091A01-1725-4C81-976E-6E04834B804D}.Release|Any CPU.Build.0 = Release|Any CPU
		{CD7E3676-D1D1-4767-BA77-13AEEE49B122}.Debug|Any CPU.ActiveCfg = Debug|Any CPU
		{CD7E3676-D1D1-4767-BA77-13AEEE49B122}.Debug|Any CPU.Build.0 = Debug|Any CPU
		{CD7E3676-D1D1-4767-BA77-13AEEE49B122}.Release|Any CPU.ActiveCfg = Release|Any CPU
		{CD7E3676-D1D1-4767-BA77-13AEEE49B122}.Release|Any CPU.Build.0 = Release|Any CPU
		{493F1A5D-4DD6-45BF-9FE0-D62194F53DFD}.Debug|Any CPU.ActiveCfg = Debug|Any CPU
		{493F1A5D-4DD6-45BF-9FE0-D62194F53DFD}.Debug|Any CPU.Build.0 = Debug|Any CPU
		{493F1A5D-4DD6-45BF-9FE0-D62194F53DFD}.Release|Any CPU.ActiveCfg = Release|Any CPU
		{493F1A5D-4DD6-45BF-9FE0-D62194F53DFD}.Release|Any CPU.Build.0 = Release|Any CPU
		{1698DDDE-66A0-4D71-ADB1-4B97B383F828}.Debug|Any CPU.ActiveCfg = Debug|Any CPU
		{1698DDDE-66A0-4D71-ADB1-4B97B383F828}.Debug|Any CPU.Build.0 = Debug|Any CPU
		{1698DDDE-66A0-4D71-ADB1-4B97B383F828}.Release|Any CPU.ActiveCfg = Release|Any CPU
		{1698DDDE-66A0-4D71-ADB1-4B97B383F828}.Release|Any CPU.Build.0 = Release|Any CPU
	EndGlobalSection
	GlobalSection(SolutionProperties) = preSolution
		HideSolutionNode = FALSE
	EndGlobalSection
	GlobalSection(ExtensibilityGlobals) = postSolution
		SolutionGuid = {47CFA223-E7C7-4785-9516-58123962DCA8}
	EndGlobalSection
EndGlobal
